{
  "name": "@atomicfi/transact-javascript",
  "version": "3.0.4",
  "lockfileVersion": 2,
  "requires": true,
  "packages": {
    "": {
      "name": "@atomicfi/transact-javascript",
      "version": "3.0.4",
      "license": "ISC",
      "devDependencies": {
        "prettier": "^2.4.1",
        "typescript": "^4.6.4"
      }
    },
    "node_modules/prettier": {
      "version": "2.4.1",
      "resolved": "https://registry.npmjs.org/prettier/-/prettier-2.4.1.tgz",
      "integrity": "sha512-9fbDAXSBcc6Bs1mZrDYb3XKzDLm4EXXL9sC1LqKP5rZkT6KRr/rf9amVUcODVXgguK/isJz0d0hP72WeaKWsvA==",
      "dev": true,
      "bin": {
        "prettier": "bin-prettier.js"
      },
      "engines": {
        "node": ">=10.13.0"
      }
    },
    "node_modules/typescript": {
      "version": "4.6.4",
      "resolved": "https://registry.npmjs.org/typescript/-/typescript-4.6.4.tgz",
      "integrity": "sha512-9ia/jWHIEbo49HfjrLGfKbZSuWo9iTMwXO+Ca3pRsSpbsMbc7/IU8NKdCZVRRBafVPGnoJeFL76ZOAA84I9fEg==",
      "dev": true,
      "bin": {
        "tsc": "bin/tsc",
        "tsserver": "bin/tsserver"
      },
      "engines": {
        "node": ">=4.2.0"
      }
    }
  },
  "dependencies": {
    "prettier": {
      "version": "2.4.1",
      "resolved": "https://registry.npmjs.org/prettier/-/prettier-2.4.1.tgz",
      "integrity": "sha512-9fbDAXSBcc6Bs1mZrDYb3XKzDLm4EXXL9sC1LqKP5rZkT6KRr/rf9amVUcODVXgguK/isJz0d0hP72WeaKWsvA==",
      "dev": true
    },
    "typescript": {
      "version": "4.6.4",
      "resolved": "https://registry.npmjs.org/typescript/-/typescript-4.6.4.tgz",
      "integrity": "sha512-9ia/jWHIEbo49HfjrLGfKbZSuWo9iTMwXO+Ca3pRsSpbsMbc7/IU8NKdCZVRRBafVPGnoJeFL76ZOAA84I9fEg==",
      "dev": true
    }
  }
}
